
Microsoft Visual Studio Solution File, Format Version 12.00
# Visual Studio 15
VisualStudioVersion = 15.0.28307.168
MinimumVisualStudioVersion = 10.0.40219.1
Project("{FAE04EC0-301F-11D3-BF4B-00C04F79EFBC}") = "ProjetoSemanal_1 - Calculadora", "ProjetoSemanal_1 - Calculadora\ProjetoSemanal_1 - Calculadora.csproj", "{59E0062A-1FF7-49FB-BD05-09EEDBB16CC4}"
EndProject
Global
	GlobalSection(SolutionConfigurationPlatforms) = preSolution
		Debug|Any CPU = Debug|Any CPU
		Release|Any CPU = Release|Any CPU
	EndGlobalSection
	GlobalSection(ProjectConfigurationPlatforms) = postSolution
		{59E0062A-1FF7-49FB-BD05-09EEDBB16CC4}.Debug|Any CPU.ActiveCfg = Debug|Any CPU
		{59E0062A-1FF7-49FB-BD05-09EEDBB16CC4}.Debug|Any CPU.Build.0 = Debug|Any CPU
		{59E0062A-1FF7-49FB-BD05-09EEDBB16CC4}.Release|Any CPU.ActiveCfg = Release|Any CPU
		{59E0062A-1FF7-49FB-BD05-09EEDBB16CC4}.Release|Any CPU.Build.0 = Release|Any CPU
	EndGlobalSection
	GlobalSection(SolutionProperties) = preSolution
		HideSolutionNode = FALSE
	EndGlobalSection
	GlobalSection(ExtensibilityGlobals) = postSolution
		SolutionGuid = {AE5E34B3-AB5C-47F9-BC8D-B32BBB8600CD}
	EndGlobalSection
EndGlobal
